// !$*UTF8*$!
{
	archiveVersion = 1;
	classes = {
	};
	objectVersion = 46;
	objects = {

/* Begin PBXBuildFile section */
		BA38844A1B19DF7100A63A0A /* MainViewController.swift in Sources */ = {isa = PBXBuildFile; fileRef = BA3884491B19DF7100A63A0A /* MainViewController.swift */; };
		BA38844C1B19DF8800A63A0A /* LoginViewController.swift in Sources */ = {isa = PBXBuildFile; fileRef = BA38844B1B19DF8800A63A0A /* LoginViewController.swift */; };
		BA38844E1B19DF9900A63A0A /* RegisterViewController.swift in Sources */ = {isa = PBXBuildFile; fileRef = BA38844D1B19DF9900A63A0A /* RegisterViewController.swift */; };
		BA3884521B19FCD900A63A0A /* Bolts.framework in Frameworks */ = {isa = PBXBuildFile; fileRef = BA3884511B19FCD900A63A0A /* Bolts.framework */; };
		BA3884541B19FCE500A63A0A /* Parse.framework in Frameworks */ = {isa = PBXBuildFile; fileRef = BA3884531B19FCE500A63A0A /* Parse.framework */; };
		BA3884561B19FD0B00A63A0A /* AudioToolbox.framework in Frameworks */ = {isa = PBXBuildFile; fileRef = BA3884551B19FD0B00A63A0A /* AudioToolbox.framework */; };
		BA3884581B19FD1300A63A0A /* CFNetwork.framework in Frameworks */ = {isa = PBXBuildFile; fileRef = BA3884571B19FD1300A63A0A /* CFNetwork.framework */; };
		BA38845A1B19FD1B00A63A0A /* CoreGraphics.framework in Frameworks */ = {isa = PBXBuildFile; fileRef = BA3884591B19FD1B00A63A0A /* CoreGraphics.framework */; };
		BA38845C1B19FD2200A63A0A /* CoreLocation.framework in Frameworks */ = {isa = PBXBuildFile; fileRef = BA38845B1B19FD2200A63A0A /* CoreLocation.framework */; };
		BA38845E1B19FD2A00A63A0A /* MobileCoreServices.framework in Frameworks */ = {isa = PBXBuildFile; fileRef = BA38845D1B19FD2A00A63A0A /* MobileCoreServices.framework */; };
		BA3884601B19FD3200A63A0A /* QuartzCore.framework in Frameworks */ = {isa = PBXBuildFile; fileRef = BA38845F1B19FD3200A63A0A /* QuartzCore.framework */; };
		BA3884621B19FD3900A63A0A /* Security.framework in Frameworks */ = {isa = PBXBuildFile; fileRef = BA3884611B19FD3900A63A0A /* Security.framework */; };
		BA3884641B19FD4200A63A0A /* StoreKit.framework in Frameworks */ = {isa = PBXBuildFile; fileRef = BA3884631B19FD4200A63A0A /* StoreKit.framework */; };
		BA3884661B19FD4D00A63A0A /* SystemConfiguration.framework in Frameworks */ = {isa = PBXBuildFile; fileRef = BA3884651B19FD4C00A63A0A /* SystemConfiguration.framework */; };
		BA3884681B19FD5800A63A0A /* libz.dylib in Frameworks */ = {isa = PBXBuildFile; fileRef = BA3884671B19FD5800A63A0A /* libz.dylib */; };
		BA38846A1B19FD6000A63A0A /* libsqlite3.dylib in Frameworks */ = {isa = PBXBuildFile; fileRef = BA3884691B19FD6000A63A0A /* libsqlite3.dylib */; };
		BA38846C1B19FD6800A63A0A /* Accounts.framework in Frameworks */ = {isa = PBXBuildFile; fileRef = BA38846B1B19FD6800A63A0A /* Accounts.framework */; };
		BA38846E1B19FD6F00A63A0A /* Social.framework in Frameworks */ = {isa = PBXBuildFile; fileRef = BA38846D1B19FD6F00A63A0A /* Social.framework */; };
		FF19F6071B19CF4D0063B39C /* AppDelegate.swift in Sources */ = {isa = PBXBuildFile; fileRef = FF19F6061B19CF4D0063B39C /* AppDelegate.swift */; };
		FF19F60A1B19CF4D0063B39C /* Second_Opinion.xcdatamodeld in Sources */ = {isa = PBXBuildFile; fileRef = FF19F6081B19CF4D0063B39C /* Second_Opinion.xcdatamodeld */; };
		FF19F60F1B19CF4D0063B39C /* Main.storyboard in Resources */ = {isa = PBXBuildFile; fileRef = FF19F60D1B19CF4D0063B39C /* Main.storyboard */; };
		FF19F6111B19CF4D0063B39C /* Images.xcassets in Resources */ = {isa = PBXBuildFile; fileRef = FF19F6101B19CF4D0063B39C /* Images.xcassets */; };
		FF19F6141B19CF4D0063B39C /* LaunchScreen.xib in Resources */ = {isa = PBXBuildFile; fileRef = FF19F6121B19CF4D0063B39C /* LaunchScreen.xib */; };
		FF19F6201B19CF4D0063B39C /* Second_OpinionTests.swift in Sources */ = {isa = PBXBuildFile; fileRef = FF19F61F1B19CF4D0063B39C /* Second_OpinionTests.swift */; };
		FF19F6401B19D8360063B39C /* SplashScreen.png in Resources */ = {isa = PBXBuildFile; fileRef = FF19F63F1B19D8360063B39C /* SplashScreen.png */; };
		FF8244C31B1A5DD500CD62AB /* back.png in Resources */ = {isa = PBXBuildFile; fileRef = FF8244C21B1A5DD500CD62AB /* back.png */; };
/* End PBXBuildFile section */

/* Begin PBXContainerItemProxy section */
		FF19F61A1B19CF4D0063B39C /* PBXContainerItemProxy */ = {
			isa = PBXContainerItemProxy;
			containerPortal = FF19F5F91B19CF4D0063B39C /* Project object */;
			proxyType = 1;
			remoteGlobalIDString = FF19F6001B19CF4D0063B39C;
			remoteInfo = "Second Opinion";
		};
/* End PBXContainerItemProxy section */

/* Begin PBXFileReference section */
		BA3884491B19DF7100A63A0A /* MainViewController.swift */ = {isa = PBXFileReference; fileEncoding = 4; lastKnownFileType = sourcecode.swift; path = MainViewController.swift; sourceTree = "<group>"; };
		BA38844B1B19DF8800A63A0A /* LoginViewController.swift */ = {isa = PBXFileReference; fileEncoding = 4; lastKnownFileType = sourcecode.swift; path = LoginViewController.swift; sourceTree = "<group>"; };
		BA38844D1B19DF9900A63A0A /* RegisterViewController.swift */ = {isa = PBXFileReference; fileEncoding = 4; lastKnownFileType = sourcecode.swift; path = RegisterViewController.swift; sourceTree = "<group>"; };
		BA3884511B19FCD900A63A0A /* Bolts.framework */ = {isa = PBXFileReference; lastKnownFileType = wrapper.framework; path = Bolts.framework; sourceTree = "<group>"; };
		BA3884531B19FCE500A63A0A /* Parse.framework */ = {isa = PBXFileReference; lastKnownFileType = wrapper.framework; path = Parse.framework; sourceTree = "<group>"; };
		BA3884551B19FD0B00A63A0A /* AudioToolbox.framework */ = {isa = PBXFileReference; lastKnownFileType = wrapper.framework; name = AudioToolbox.framework; path = System/Library/Frameworks/AudioToolbox.framework; sourceTree = SDKROOT; };
		BA3884571B19FD1300A63A0A /* CFNetwork.framework */ = {isa = PBXFileReference; lastKnownFileType = wrapper.framework; name = CFNetwork.framework; path = System/Library/Frameworks/CFNetwork.framework; sourceTree = SDKROOT; };
		BA3884591B19FD1B00A63A0A /* CoreGraphics.framework */ = {isa = PBXFileReference; lastKnownFileType = wrapper.framework; name = CoreGraphics.framework; path = System/Library/Frameworks/CoreGraphics.framework; sourceTree = SDKROOT; };
		BA38845B1B19FD2200A63A0A /* CoreLocation.framework */ = {isa = PBXFileReference; lastKnownFileType = wrapper.framework; name = CoreLocation.framework; path = System/Library/Frameworks/CoreLocation.framework; sourceTree = SDKROOT; };
		BA38845D1B19FD2A00A63A0A /* MobileCoreServices.framework */ = {isa = PBXFileReference; lastKnownFileType = wrapper.framework; name = MobileCoreServices.framework; path = System/Library/Frameworks/MobileCoreServices.framework; sourceTree = SDKROOT; };
		BA38845F1B19FD3200A63A0A /* QuartzCore.framework */ = {isa = PBXFileReference; lastKnownFileType = wrapper.framework; name = QuartzCore.framework; path = System/Library/Frameworks/QuartzCore.framework; sourceTree = SDKROOT; };
		BA3884611B19FD3900A63A0A /* Security.framework */ = {isa = PBXFileReference; lastKnownFileType = wrapper.framework; name = Security.framework; path = System/Library/Frameworks/Security.framework; sourceTree = SDKROOT; };
		BA3884631B19FD4200A63A0A /* StoreKit.framework */ = {isa = PBXFileReference; lastKnownFileType = wrapper.framework; name = StoreKit.framework; path = System/Library/Frameworks/StoreKit.framework; sourceTree = SDKROOT; };
		BA3884651B19FD4C00A63A0A /* SystemConfiguration.framework */ = {isa = PBXFileReference; lastKnownFileType = wrapper.framework; name = SystemConfiguration.framework; path = System/Library/Frameworks/SystemConfiguration.framework; sourceTree = SDKROOT; };
		BA3884671B19FD5800A63A0A /* libz.dylib */ = {isa = PBXFileReference; lastKnownFileType = "compiled.mach-o.dylib"; name = libz.dylib; path = usr/lib/libz.dylib; sourceTree = SDKROOT; };
		BA3884691B19FD6000A63A0A /* libsqlite3.dylib */ = {isa = PBXFileReference; lastKnownFileType = "compiled.mach-o.dylib"; name = libsqlite3.dylib; path = usr/lib/libsqlite3.dylib; sourceTree = SDKROOT; };
		BA38846B1B19FD6800A63A0A /* Accounts.framework */ = {isa = PBXFileReference; lastKnownFileType = wrapper.framework; name = Accounts.framework; path = System/Library/Frameworks/Accounts.framework; sourceTree = SDKROOT; };
		BA38846D1B19FD6F00A63A0A /* Social.framework */ = {isa = PBXFileReference; lastKnownFileType = wrapper.framework; name = Social.framework; path = System/Library/Frameworks/Social.framework; sourceTree = SDKROOT; };
		FF19F6011B19CF4D0063B39C /* Second Opinion.app */ = {isa = PBXFileReference; explicitFileType = wrapper.application; includeInIndex = 0; path = "Second Opinion.app"; sourceTree = BUILT_PRODUCTS_DIR; };
		FF19F6051B19CF4D0063B39C /* Info.plist */ = {isa = PBXFileReference; lastKnownFileType = text.plist.xml; path = Info.plist; sourceTree = "<group>"; };
		FF19F6061B19CF4D0063B39C /* AppDelegate.swift */ = {isa = PBXFileReference; lastKnownFileType = sourcecode.swift; path = AppDelegate.swift; sourceTree = "<group>"; };
		FF19F6091B19CF4D0063B39C /* Second_Opinion.xcdatamodel */ = {isa = PBXFileReference; lastKnownFileType = wrapper.xcdatamodel; path = Second_Opinion.xcdatamodel; sourceTree = "<group>"; };
		FF19F60E1B19CF4D0063B39C /* Base */ = {isa = PBXFileReference; lastKnownFileType = file.storyboard; name = Base; path = Base.lproj/Main.storyboard; sourceTree = "<group>"; };
		FF19F6101B19CF4D0063B39C /* Images.xcassets */ = {isa = PBXFileReference; lastKnownFileType = folder.assetcatalog; path = Images.xcassets; sourceTree = "<group>"; };
		FF19F6131B19CF4D0063B39C /* Base */ = {isa = PBXFileReference; lastKnownFileType = file.xib; name = Base; path = Base.lproj/LaunchScreen.xib; sourceTree = "<group>"; };
		FF19F6191B19CF4D0063B39C /* Second OpinionTests.xctest */ = {isa = PBXFileReference; explicitFileType = wrapper.cfbundle; includeInIndex = 0; path = "Second OpinionTests.xctest"; sourceTree = BUILT_PRODUCTS_DIR; };
		FF19F61E1B19CF4D0063B39C /* Info.plist */ = {isa = PBXFileReference; lastKnownFileType = text.plist.xml; path = Info.plist; sourceTree = "<group>"; };
		FF19F61F1B19CF4D0063B39C /* Second_OpinionTests.swift */ = {isa = PBXFileReference; lastKnownFileType = sourcecode.swift; path = Second_OpinionTests.swift; sourceTree = "<group>"; };
		FF19F63F1B19D8360063B39C /* SplashScreen.png */ = {isa = PBXFileReference; lastKnownFileType = image.png; path = SplashScreen.png; sourceTree = "<group>"; };
		FF8244C21B1A5DD500CD62AB /* back.png */ = {isa = PBXFileReference; lastKnownFileType = image.png; path = back.png; sourceTree = "<group>"; };
/* End PBXFileReference section */

/* Begin PBXFrameworksBuildPhase section */
		FF19F5FE1B19CF4D0063B39C /* Frameworks */ = {
			isa = PBXFrameworksBuildPhase;
			buildActionMask = 2147483647;
			files = (
				BA38845E1B19FD2A00A63A0A /* MobileCoreServices.framework in Frameworks */,
				BA38846E1B19FD6F00A63A0A /* Social.framework in Frameworks */,
				BA38846C1B19FD6800A63A0A /* Accounts.framework in Frameworks */,
				BA38846A1B19FD6000A63A0A /* libsqlite3.dylib in Frameworks */,
				BA3884681B19FD5800A63A0A /* libz.dylib in Frameworks */,
				BA3884661B19FD4D00A63A0A /* SystemConfiguration.framework in Frameworks */,
				BA3884641B19FD4200A63A0A /* StoreKit.framework in Frameworks */,
				BA3884621B19FD3900A63A0A /* Security.framework in Frameworks */,
				BA3884601B19FD3200A63A0A /* QuartzCore.framework in Frameworks */,
				BA38845C1B19FD2200A63A0A /* CoreLocation.framework in Frameworks */,
				BA38845A1B19FD1B00A63A0A /* CoreGraphics.framework in Frameworks */,
				BA3884581B19FD1300A63A0A /* CFNetwork.framework in Frameworks */,
				BA3884561B19FD0B00A63A0A /* AudioToolbox.framework in Frameworks */,
				BA3884541B19FCE500A63A0A /* Parse.framework in Frameworks */,
				BA3884521B19FCD900A63A0A /* Bolts.framework in Frameworks */,
			);
			runOnlyForDeploymentPostprocessing = 0;
		};
		FF19F6161B19CF4D0063B39C /* Frameworks */ = {
			isa = PBXFrameworksBuildPhase;
			buildActionMask = 2147483647;
			files = (
			);
			runOnlyForDeploymentPostprocessing = 0;
		};
/* End PBXFrameworksBuildPhase section */

/* Begin PBXGroup section */
		FF19F5F81B19CF4D0063B39C = {
			isa = PBXGroup;
			children = (
				BA38846D1B19FD6F00A63A0A /* Social.framework */,
				BA38846B1B19FD6800A63A0A /* Accounts.framework */,
				BA3884691B19FD6000A63A0A /* libsqlite3.dylib */,
				BA3884671B19FD5800A63A0A /* libz.dylib */,
				BA3884651B19FD4C00A63A0A /* SystemConfiguration.framework */,
				BA3884631B19FD4200A63A0A /* StoreKit.framework */,
				BA3884611B19FD3900A63A0A /* Security.framework */,
				BA38845F1B19FD3200A63A0A /* QuartzCore.framework */,
				BA38845D1B19FD2A00A63A0A /* MobileCoreServices.framework */,
				BA38845B1B19FD2200A63A0A /* CoreLocation.framework */,
				BA3884591B19FD1B00A63A0A /* CoreGraphics.framework */,
				BA3884571B19FD1300A63A0A /* CFNetwork.framework */,
				BA3884511B19FCD900A63A0A /* Bolts.framework */,
				BA3884551B19FD0B00A63A0A /* AudioToolbox.framework */,
				BA3884531B19FCE500A63A0A /* Parse.framework */,
				FF19F6031B19CF4D0063B39C /* Second Opinion */,
				FF19F61C1B19CF4D0063B39C /* Second OpinionTests */,
				FF19F6021B19CF4D0063B39C /* Products */,
			);
			sourceTree = "<group>";
		};
		FF19F6021B19CF4D0063B39C /* Products */ = {
			isa = PBXGroup;
			children = (
				FF19F6011B19CF4D0063B39C /* Second Opinion.app */,
				FF19F6191B19CF4D0063B39C /* Second OpinionTests.xctest */,
			);
			name = Products;
			sourceTree = "<group>";
		};
		FF19F6031B19CF4D0063B39C /* Second Opinion */ = {
			isa = PBXGroup;
			children = (
				FF19F6061B19CF4D0063B39C /* AppDelegate.swift */,
				BA3884491B19DF7100A63A0A /* MainViewController.swift */,
				BA38844B1B19DF8800A63A0A /* LoginViewController.swift */,
				BA38844D1B19DF9900A63A0A /* RegisterViewController.swift */,
				FF19F60D1B19CF4D0063B39C /* Main.storyboard */,
				FF19F6101B19CF4D0063B39C /* Images.xcassets */,
				FF19F63F1B19D8360063B39C /* SplashScreen.png */,
				FF19F6121B19CF4D0063B39C /* LaunchScreen.xib */,
				FF19F6081B19CF4D0063B39C /* Second_Opinion.xcdatamodeld */,
				FF19F6041B19CF4D0063B39C /* Supporting Files */,
			);
			path = "Second Opinion";
			sourceTree = "<group>";
		};
		FF19F6041B19CF4D0063B39C /* Supporting Files */ = {
			isa = PBXGroup;
			children = (
				FF8244C21B1A5DD500CD62AB /* back.png */,
				FF19F6051B19CF4D0063B39C /* Info.plist */,
			);
			name = "Supporting Files";
			sourceTree = "<group>";
		};
		FF19F61C1B19CF4D0063B39C /* Second OpinionTests */ = {
			isa = PBXGroup;
			children = (
				FF19F61F1B19CF4D0063B39C /* Second_OpinionTests.swift */,
				FF19F61D1B19CF4D0063B39C /* Supporting Files */,
			);
			path = "Second OpinionTests";
			sourceTree = "<group>";
		};
		FF19F61D1B19CF4D0063B39C /* Supporting Files */ = {
			isa = PBXGroup;
			children = (
				FF19F61E1B19CF4D0063B39C /* Info.plist */,
			);
			name = "Supporting Files";
			sourceTree = "<group>";
		};
/* End PBXGroup section */

/* Begin PBXNativeTarget section */
		FF19F6001B19CF4D0063B39C /* Second Opinion */ = {
			isa = PBXNativeTarget;
			buildConfigurationList = FF19F6231B19CF4D0063B39C /* Build configuration list for PBXNativeTarget "Second Opinion" */;
			buildPhases = (
				FF19F5FD1B19CF4D0063B39C /* Sources */,
				FF19F5FE1B19CF4D0063B39C /* Frameworks */,
				FF19F5FF1B19CF4D0063B39C /* Resources */,
			);
			buildRules = (
			);
			dependencies = (
			);
			name = "Second Opinion";
			productName = "Second Opinion";
			productReference = FF19F6011B19CF4D0063B39C /* Second Opinion.app */;
			productType = "com.apple.product-type.application";
		};
		FF19F6181B19CF4D0063B39C /* Second OpinionTests */ = {
			isa = PBXNativeTarget;
			buildConfigurationList = FF19F6261B19CF4D0063B39C /* Build configuration list for PBXNativeTarget "Second OpinionTests" */;
			buildPhases = (
				FF19F6151B19CF4D0063B39C /* Sources */,
				FF19F6161B19CF4D0063B39C /* Frameworks */,
				FF19F6171B19CF4D0063B39C /* Resources */,
			);
			buildRules = (
			);
			dependencies = (
				FF19F61B1B19CF4D0063B39C /* PBXTargetDependency */,
			);
			name = "Second OpinionTests";
			productName = "Second OpinionTests";
			productReference = FF19F6191B19CF4D0063B39C /* Second OpinionTests.xctest */;
			productType = "com.apple.product-type.bundle.unit-test";
		};
/* End PBXNativeTarget section */

/* Begin PBXProject section */
		FF19F5F91B19CF4D0063B39C /* Project object */ = {
			isa = PBXProject;
			attributes = {
				LastUpgradeCheck = 0630;
				ORGANIZATIONNAME = kcaluru;
				TargetAttributes = {
					FF19F6001B19CF4D0063B39C = {
						CreatedOnToolsVersion = 6.3.2;
					};
					FF19F6181B19CF4D0063B39C = {
						CreatedOnToolsVersion = 6.3.2;
						TestTargetID = FF19F6001B19CF4D0063B39C;
					};
				};
			};
			buildConfigurationList = FF19F5FC1B19CF4D0063B39C /* Build configuration list for PBXProject "Second Opinion" */;
			compatibilityVersion = "Xcode 3.2";
			developmentRegion = English;
			hasScannedForEncodings = 0;
			knownRegions = (
				en,
				Base,
			);
			mainGroup = FF19F5F81B19CF4D0063B39C;
			productRefGroup = FF19F6021B19CF4D0063B39C /* Products */;
			projectDirPath = "";
			projectRoot = "";
			targets = (
				FF19F6001B19CF4D0063B39C /* Second Opinion */,
				FF19F6181B19CF4D0063B39C /* Second OpinionTests */,
			);
		};
/* End PBXProject section */

/* Begin PBXResourcesBuildPhase section */
		FF19F5FF1B19CF4D0063B39C /* Resources */ = {
			isa = PBXResourcesBuildPhase;
			buildActionMask = 2147483647;
			files = (
				FF19F60F1B19CF4D0063B39C /* Main.storyboard in Resources */,
				FF8244C31B1A5DD500CD62AB /* back.png in Resources */,
				FF19F6141B19CF4D0063B39C /* LaunchScreen.xib in Resources */,
				FF19F6401B19D8360063B39C /* SplashScreen.png in Resources */,
				FF19F6111B19CF4D0063B39C /* Images.xcassets in Resources */,
			);
			runOnlyForDeploymentPostprocessing = 0;
		};
		FF19F6171B19CF4D0063B39C /* Resources */ = {
			isa = PBXResourcesBuildPhase;
			buildActionMask = 2147483647;
			files = (
			);
			runOnlyForDeploymentPostprocessing = 0;
		};
/* End PBXResourcesBuildPhase section */

/* Begin PBXSourcesBuildPhase section */
		FF19F5FD1B19CF4D0063B39C /* Sources */ = {
			isa = PBXSourcesBuildPhase;
			buildActionMask = 2147483647;
			files = (
				BA38844C1B19DF8800A63A0A /* LoginViewController.swift in Sources */,
				BA38844E1B19DF9900A63A0A /* RegisterViewController.swift in Sources */,
				BA38844A1B19DF7100A63A0A /* MainViewController.swift in Sources */,
				FF19F60A1B19CF4D0063B39C /* Second_Opinion.xcdatamodeld in Sources */,
				FF19F6071B19CF4D0063B39C /* AppDelegate.swift in Sources */,
			);
			runOnlyForDeploymentPostprocessing = 0;
		};
		FF19F6151B19CF4D0063B39C /* Sources */ = {
			isa = PBXSourcesBuildPhase;
			buildActionMask = 2147483647;
			files = (
				FF19F6201B19CF4D0063B39C /* Second_OpinionTests.swift in Sources */,
			);
			runOnlyForDeploymentPostprocessing = 0;
		};
/* End PBXSourcesBuildPhase section */

/* Begin PBXTargetDependency section */
		FF19F61B1B19CF4D0063B39C /* PBXTargetDependency */ = {
			isa = PBXTargetDependency;
			target = FF19F6001B19CF4D0063B39C /* Second Opinion */;
			targetProxy = FF19F61A1B19CF4D0063B39C /* PBXContainerItemProxy */;
		};
/* End PBXTargetDependency section */

/* Begin PBXVariantGroup section */
		FF19F60D1B19CF4D0063B39C /* Main.storyboard */ = {
			isa = PBXVariantGroup;
			children = (
				FF19F60E1B19CF4D0063B39C /* Base */,
			);
			name = Main.storyboard;
			sourceTree = "<group>";
		};
		FF19F6121B19CF4D0063B39C /* LaunchScreen.xib */ = {
			isa = PBXVariantGroup;
			children = (
				FF19F6131B19CF4D0063B39C /* Base */,
			);
			name = LaunchScreen.xib;
			sourceTree = "<group>";
		};
/* End PBXVariantGroup section */

/* Begin XCBuildConfiguration section */
		FF19F6211B19CF4D0063B39C /* Debug */ = {
			isa = XCBuildConfiguration;
			buildSettings = {
				ALWAYS_SEARCH_USER_PATHS = NO;
				CLANG_CXX_LANGUAGE_STANDARD = "gnu++0x";
				CLANG_CXX_LIBRARY = "libc++";
				CLANG_ENABLE_MODULES = YES;
				CLANG_ENABLE_OBJC_ARC = YES;
				CLANG_WARN_BOOL_CONVERSION = YES;
				CLANG_WARN_CONSTANT_CONVERSION = YES;
				CLANG_WARN_DIRECT_OBJC_ISA_USAGE = YES_ERROR;
				CLANG_WARN_EMPTY_BODY = YES;
				CLANG_WARN_ENUM_CONVERSION = YES;
				CLANG_WARN_INT_CONVERSION = YES;
				CLANG_WARN_OBJC_ROOT_CLASS = YES_ERROR;
				CLANG_WARN_UNREACHABLE_CODE = YES;
				CLANG_WARN__DUPLICATE_METHOD_MATCH = YES;
				"CODE_SIGN_IDENTITY[sdk=iphoneos*]" = "iPhone Developer";
				COPY_PHASE_STRIP = NO;
				DEBUG_INFORMATION_FORMAT = "dwarf-with-dsym";
				ENABLE_STRICT_OBJC_MSGSEND = YES;
				GCC_C_LANGUAGE_STANDARD = gnu99;
				GCC_DYNAMIC_NO_PIC = NO;
				GCC_NO_COMMON_BLOCKS = YES;
				GCC_OPTIMIZATION_LEVEL = 0;
				GCC_PREPROCESSOR_DEFINITIONS = (
					"DEBUG=1",
					"$(inherited)",
				);
				GCC_SYMBOLS_PRIVATE_EXTERN = NO;
				GCC_WARN_64_TO_32_BIT_CONVERSION = YES;
				GCC_WARN_ABOUT_RETURN_TYPE = YES_ERROR;
				GCC_WARN_UNDECLARED_SELECTOR = YES;
				GCC_WARN_UNINITIALIZED_AUTOS = YES_AGGRESSIVE;
				GCC_WARN_UNUSED_FUNCTION = YES;
				GCC_WARN_UNUSED_VARIABLE = YES;
				IPHONEOS_DEPLOYMENT_TARGET = 8.3;
				MTL_ENABLE_DEBUG_INFO = YES;
				ONLY_ACTIVE_ARCH = YES;
				SDKROOT = iphoneos;
				SWIFT_OPTIMIZATION_LEVEL = "-Onone";
				TARGETED_DEVICE_FAMILY = "1,2";
			};
			name = Debug;
		};
		FF19F6221B19CF4D0063B39C /* Release */ = {
			isa = XCBuildConfiguration;
			buildSettings = {
				ALWAYS_SEARCH_USER_PATHS = NO;
				CLANG_CXX_LANGUAGE_STANDARD = "gnu++0x";
				CLANG_CXX_LIBRARY = "libc++";
				CLANG_ENABLE_MODULES = YES;
				CLANG_ENABLE_OBJC_ARC = YES;
				CLANG_WARN_BOOL_CONVERSION = YES;
				CLANG_WARN_CONSTANT_CONVERSION = YES;
				CLANG_WARN_DIRECT_OBJC_ISA_USAGE = YES_ERROR;
				CLANG_WARN_EMPTY_BODY = YES;
				CLANG_WARN_ENUM_CONVERSION = YES;
				CLANG_WARN_INT_CONVERSION = YES;
				CLANG_WARN_OBJC_ROOT_CLASS = YES_ERROR;
				CLANG_WARN_UNREACHABLE_CODE = YES;
				CLANG_WARN__DUPLICATE_METHOD_MATCH = YES;
				"CODE_SIGN_IDENTITY[sdk=iphoneos*]" = "iPhone Developer";
				COPY_PHASE_STRIP = NO;
				DEBUG_INFORMATION_FORMAT = "dwarf-with-dsym";
				ENABLE_NS_ASSERTIONS = NO;
				ENABLE_STRICT_OBJC_MSGSEND = YES;
				GCC_C_LANGUAGE_STANDARD = gnu99;
				GCC_NO_COMMON_BLOCKS = YES;
				GCC_WARN_64_TO_32_BIT_CONVERSION = YES;
				GCC_WARN_ABOUT_RETURN_TYPE = YES_ERROR;
				GCC_WARN_UNDECLARED_SELECTOR = YES;
				GCC_WARN_UNINITIALIZED_AUTOS = YES_AGGRESSIVE;
				GCC_WARN_UNUSED_FUNCTION = YES;
				GCC_WARN_UNUSED_VARIABLE = YES;
				IPHONEOS_DEPLOYMENT_TARGET = 8.3;
				MTL_ENABLE_DEBUG_INFO = NO;
				SDKROOT = iphoneos;
				TARGETED_DEVICE_FAMILY = "1,2";
				VALIDATE_PRODUCT = YES;
			};
			name = Release;
		};
		FF19F6241B19CF4D0063B39C /* Debug */ = {
			isa = XCBuildConfiguration;
			buildSettings = {
				ASSETCATALOG_COMPILER_APPICON_NAME = AppIcon;
				FRAMEWORK_SEARCH_PATHS = (
					"$(inherited)",
					"$(PROJECT_DIR)",
				);
				INFOPLIST_FILE = "Second Opinion/Info.plist";
				LD_RUNPATH_SEARCH_PATHS = "$(inherited) @executable_path/Frameworks";
				PRODUCT_NAME = "$(TARGET_NAME)";
			};
			name = Debug;
		};
		FF19F6251B19CF4D0063B39C /* Release */ = {
			isa = XCBuildConfiguration;
			buildSettings = {
				ASSETCATALOG_COMPILER_APPICON_NAME = AppIcon;
				FRAMEWORK_SEARCH_PATHS = (
					"$(inherited)",
					"$(PROJECT_DIR)",
				);
				INFOPLIST_FILE = "Second Opinion/Info.plist";
				LD_RUNPATH_SEARCH_PATHS = "$(inherited) @executable_path/Frameworks";
				PRODUCT_NAME = "$(TARGET_NAME)";
			};
			name = Release;
		};
		FF19F6271B19CF4D0063B39C /* Debug */ = {
			isa = XCBuildConfiguration;
			buildSettings = {
				BUNDLE_LOADER = "$(TEST_HOST)";
				FRAMEWORK_SEARCH_PATHS = (
					"$(SDKROOT)/Developer/Library/Frameworks",
					"$(inherited)",
				);
				GCC_PREPROCESSOR_DEFINITIONS = (
					"DEBUG=1",
					"$(inherited)",
				);
				INFOPLIST_FILE = "Second OpinionTests/Info.plist";
				LD_RUNPATH_SEARCH_PATHS = "$(inherited) @executable_path/Frameworks @loader_path/Frameworks";
				PRODUCT_NAME = "$(TARGET_NAME)";
				TEST_HOST = "$(BUILT_PRODUCTS_DIR)/Second Opinion.app/Second Opinion";
			};
			name = Debug;
		};
		FF19F6281B19CF4D0063B39C /* Release */ = {
			isa = XCBuildConfiguration;
			buildSettings = {
				BUNDLE_LOADER = "$(TEST_HOST)";
				FRAMEWORK_SEARCH_PATHS = (
					"$(SDKROOT)/Developer/Library/Frameworks",
					"$(inherited)",
				);
				INFOPLIST_FILE = "Second OpinionTests/Info.plist";
				LD_RUNPATH_SEARCH_PATHS = "$(inherited) @executable_path/Frameworks @loader_path/Frameworks";
				PRODUCT_NAME = "$(TARGET_NAME)";
				TEST_HOST = "$(BUILT_PRODUCTS_DIR)/Second Opinion.app/Second Opinion";
			};
			name = Release;
		};
/* End XCBuildConfiguration section */

/* Begin XCConfigurationList section */
		FF19F5FC1B19CF4D0063B39C /* Build configuration list for PBXProject "Second Opinion" */ = {
			isa = XCConfigurationList;
			buildConfigurations = (
				FF19F6211B19CF4D0063B39C /* Debug */,
				FF19F6221B19CF4D0063B39C /* Release */,
			);
			defaultConfigurationIsVisible = 0;
			defaultConfigurationName = Release;
		};
		FF19F6231B19CF4D0063B39C /* Build configuration list for PBXNativeTarget "Second Opinion" */ = {
			isa = XCConfigurationList;
			buildConfigurations = (
				FF19F6241B19CF4D0063B39C /* Debug */,
				FF19F6251B19CF4D0063B39C /* Release */,
			);
			defaultConfigurationIsVisible = 0;
			defaultConfigurationName = Release;
		};
		FF19F6261B19CF4D0063B39C /* Build configuration list for PBXNativeTarget "Second OpinionTests" */ = {
			isa = XCConfigurationList;
			buildConfigurations = (
				FF19F6271B19CF4D0063B39C /* Debug */,
				FF19F6281B19CF4D0063B39C /* Release */,
			);
			defaultConfigurationIsVisible = 0;
			defaultConfigurationName = Release;
		};
/* End XCConfigurationList section */

/* Begin XCVersionGroup section */
		FF19F6081B19CF4D0063B39C /* Second_Opinion.xcdatamodeld */ = {
			isa = XCVersionGroup;
			children = (
				FF19F6091B19CF4D0063B39C /* Second_Opinion.xcdatamodel */,
			);
			currentVersion = FF19F6091B19CF4D0063B39C /* Second_Opinion.xcdatamodel */;
			path = Second_Opinion.xcdatamodeld;
			sourceTree = "<group>";
			versionGroupType = wrapper.xcdatamodel;
		};
/* End XCVersionGroup section */
	};
	rootObject = FF19F5F91B19CF4D0063B39C /* Project object */;
}
